{
  "name": "danger-tabs",
  "lockfileVersion": 3,
  "requires": true,
  "packages": {
    "": {
      "devDependencies": {
        "chrome-types": "^0.1.371"
      }
    },
    "node_modules/chrome-types": {
      "version": "0.1.371",
      "resolved": "https://registry.npmjs.org/chrome-types/-/chrome-types-0.1.371.tgz",
      "integrity": "sha512-Qmsln8T75Hy4rvtflQ9NUJZQUDGkgF+4ux9tGKPv8d9mEWhvgodSYJ1o6f0cq+ECNx17Evm5YSvIXVJwYlx8zA==",
      "dev": true,
      "license": "Apache-2.0"
    }
  }
}
